// !$*UTF8*$!
{
	archiveVersion = 1;
	classes = {
	};
	objectVersion = 50;
	objects = {

/* Begin PBXBuildFile section */
		C3A03CAD232C4EC200BC2FE3 /* main.c in Sources */ = {isa = PBXBuildFile; fileRef = C3A03CAC232C4EC200BC2FE3 /* main.c */; };
		C3A03CB5232C4F1700BC2FE3 /* Pythagoras.c in Sources */ = {isa = PBXBuildFile; fileRef = C3A03CB4232C4F1700BC2FE3 /* Pythagoras.c */; };
		C3A03CB8232C4FD800BC2FE3 /* Rectangle.c in Sources */ = {isa = PBXBuildFile; fileRef = C3A03CB7232C4FD800BC2FE3 /* Rectangle.c */; };
		C3C6CB0723302EF500B0794D /* Temperature.c in Sources */ = {isa = PBXBuildFile; fileRef = C3C6CB0623302EF500B0794D /* Temperature.c */; };
/* End PBXBuildFile section */

/* Begin PBXCopyFilesBuildPhase section */
		C3A03CA7232C4EC200BC2FE3 /* CopyFiles */ = {
			isa = PBXCopyFilesBuildPhase;
			buildActionMask = 2147483647;
			dstPath = /usr/share/man/man1/;
			dstSubfolderSpec = 0;
			files = (
			);
			runOnlyForDeploymentPostprocessing = 1;
		};
/* End PBXCopyFilesBuildPhase section */

/* Begin PBXFileReference section */
		C3A03CA9232C4EC200BC2FE3 /* realportfolio */ = {isa = PBXFileReference; explicitFileType = "compiled.mach-o.executable"; includeInIndex = 0; path = realportfolio; sourceTree = BUILT_PRODUCTS_DIR; };
		C3A03CAC232C4EC200BC2FE3 /* main.c */ = {isa = PBXFileReference; lastKnownFileType = sourcecode.c.c; path = main.c; sourceTree = "<group>"; };
		C3A03CB3232C4F1700BC2FE3 /* Pythagoras.h */ = {isa = PBXFileReference; lastKnownFileType = sourcecode.c.h; path = Pythagoras.h; sourceTree = "<group>"; };
		C3A03CB4232C4F1700BC2FE3 /* Pythagoras.c */ = {isa = PBXFileReference; lastKnownFileType = sourcecode.c.c; path = Pythagoras.c; sourceTree = "<group>"; };
		C3A03CB6232C4FD800BC2FE3 /* Rectangle.h */ = {isa = PBXFileReference; lastKnownFileType = sourcecode.c.h; path = Rectangle.h; sourceTree = "<group>"; };
		C3A03CB7232C4FD800BC2FE3 /* Rectangle.c */ = {isa = PBXFileReference; lastKnownFileType = sourcecode.c.c; path = Rectangle.c; sourceTree = "<group>"; };
		C3C6CB0523302EF500B0794D /* Temperature.h */ = {isa = PBXFileReference; lastKnownFileType = sourcecode.c.h; path = Temperature.h; sourceTree = "<group>"; };
		C3C6CB0623302EF500B0794D /* Temperature.c */ = {isa = PBXFileReference; lastKnownFileType = sourcecode.c.c; path = Temperature.c; sourceTree = "<group>"; };
/* End PBXFileReference section */

/* Begin PBXFrameworksBuildPhase section */
		C3A03CA6232C4EC200BC2FE3 /* Frameworks */ = {
			isa = PBXFrameworksBuildPhase;
			buildActionMask = 2147483647;
			files = (
			);
			runOnlyForDeploymentPostprocessing = 0;
		};
/* End PBXFrameworksBuildPhase section */

/* Begin PBXGroup section */
		C3A03CA0232C4EC200BC2FE3 = {
			isa = PBXGroup;
			children = (
				C3A03CAB232C4EC200BC2FE3 /* realportfolio */,
				C3A03CAA232C4EC200BC2FE3 /* Products */,
			);
			sourceTree = "<group>";
		};
		C3A03CAA232C4EC200BC2FE3 /* Products */ = {
			isa = PBXGroup;
			children = (
				C3A03CA9232C4EC200BC2FE3 /* realportfolio */,
			);
			name = Products;
			sourceTree = "<group>";
		};
		C3A03CAB232C4EC200BC2FE3 /* realportfolio */ = {
			isa = PBXGroup;
			children = (
				C3A03CAC232C4EC200BC2FE3 /* main.c */,
				C3A03CB3232C4F1700BC2FE3 /* Pythagoras.h */,
				C3A03CB6232C4FD800BC2FE3 /* Rectangle.h */,
				C3A03CB7232C4FD800BC2FE3 /* Rectangle.c */,
				C3A03CB4232C4F1700BC2FE3 /* Pythagoras.c */,
				C3C6CB0523302EF500B0794D /* Temperature.h */,
				C3C6CB0623302EF500B0794D /* Temperature.c */,
			);
			path = realportfolio;
			sourceTree = "<group>";
		};
/* End PBXGroup section */

/* Begin PBXNativeTarget section */
		C3A03CA8232C4EC200BC2FE3 /* realportfolio */ = {
			isa = PBXNativeTarget;
			buildConfigurationList = C3A03CB0232C4EC200BC2FE3 /* Build configuration list for PBXNativeTarget "realportfolio" */;
			buildPhases = (
				C3A03CA5232C4EC200BC2FE3 /* Sources */,
				C3A03CA6232C4EC200BC2FE3 /* Frameworks */,
				C3A03CA7232C4EC200BC2FE3 /* CopyFiles */,
			);
			buildRules = (
			);
			dependencies = (
			);
			name = realportfolio;
			productName = realportfolio;
			productReference = C3A03CA9232C4EC200BC2FE3 /* realportfolio */;
			productType = "com.apple.product-type.tool";
		};
/* End PBXNativeTarget section */

/* Begin PBXProject section */
		C3A03CA1232C4EC200BC2FE3 /* Project object */ = {
			isa = PBXProject;
			attributes = {
				LastUpgradeCheck = 1030;
				ORGANIZATIONNAME = "Sahai, Neil";
				TargetAttributes = {
					C3A03CA8232C4EC200BC2FE3 = {
						CreatedOnToolsVersion = 10.3;
					};
				};
			};
			buildConfigurationList = C3A03CA4232C4EC200BC2FE3 /* Build configuration list for PBXProject "realportfolio" */;
			compatibilityVersion = "Xcode 9.3";
			developmentRegion = en;
			hasScannedForEncodings = 0;
			knownRegions = (
				en,
			);
			mainGroup = C3A03CA0232C4EC200BC2FE3;
			productRefGroup = C3A03CAA232C4EC200BC2FE3 /* Products */;
			projectDirPath = "";
			projectRoot = "";
			targets = (
				C3A03CA8232C4EC200BC2FE3 /* realportfolio */,
			);
		};
/* End PBXProject section */

/* Begin PBXSourcesBuildPhase section */
		C3A03CA5232C4EC200BC2FE3 /* Sources */ = {
			isa = PBXSourcesBuildPhase;
			buildActionMask = 2147483647;
			files = (
				C3C6CB0723302EF500B0794D /* Temperature.c in Sources */,
				C3A03CAD232C4EC200BC2FE3 /* main.c in Sources */,
				C3A03CB5232C4F1700BC2FE3 /* Pythagoras.c in Sources */,
				C3A03CB8232C4FD800BC2FE3 /* Rectangle.c in Sources */,
			);
			runOnlyForDeploymentPostprocessing = 0;
		};
/* End PBXSourcesBuildPhase section */

/* Begin XCBuildConfiguration section */
		C3A03CAE232C4EC200BC2FE3 /* Debug */ = {
			isa = XCBuildConfiguration;
			buildSettings = {
				ALWAYS_SEARCH_USER_PATHS = NO;
				CLANG_ANALYZER_NONNULL = YES;
				CLANG_ANALYZER_NUMBER_OBJECT_CONVERSION = YES_AGGRESSIVE;
				CLANG_CXX_LANGUAGE_STANDARD = "gnu++14";
				CLANG_CXX_LIBRARY = "libc++";
				CLANG_ENABLE_MODULES = YES;
				CLANG_ENABLE_OBJC_ARC = YES;
				CLANG_ENABLE_OBJC_WEAK = YES;
				CLANG_WARN_BLOCK_CAPTURE_AUTORELEASING = YES;
				CLANG_WARN_BOOL_CONVERSION = YES;
				CLANG_WARN_COMMA = YES;
				CLANG_WARN_CONSTANT_CONVERSION = YES;
				CLANG_WARN_DEPRECATED_OBJC_IMPLEMENTATIONS = YES;
				CLANG_WARN_DIRECT_OBJC_ISA_USAGE = YES_ERROR;
				CLANG_WARN_DOCUMENTATION_COMMENTS = YES;
				CLANG_WARN_EMPTY_BODY = YES;
				CLANG_WARN_ENUM_CONVERSION = YES;
				CLANG_WARN_INFINITE_RECURSION = YES;
				CLANG_WARN_INT_CONVERSION = YES;
				CLANG_WARN_NON_LITERAL_NULL_CONVERSION = YES;
				CLANG_WARN_OBJC_IMPLICIT_RETAIN_SELF = YES;
				CLANG_WARN_OBJC_LITERAL_CONVERSION = YES;
				CLANG_WARN_OBJC_ROOT_CLASS = YES_ERROR;
				CLANG_WARN_RANGE_LOOP_ANALYSIS = YES;
				CLANG_WARN_STRICT_PROTOTYPES = YES;
				CLANG_WARN_SUSPICIOUS_MOVE = YES;
				CLANG_WARN_UNGUARDED_AVAILABILITY = YES_AGGRESSIVE;
				CLANG_WARN_UNREACHABLE_CODE = YES;
				CLANG_WARN__DUPLICATE_METHOD_MATCH = YES;
				CODE_SIGN_IDENTITY = "-";
				COPY_PHASE_STRIP = NO;
				DEBUG_INFORMATION_FORMAT = dwarf;
				ENABLE_STRICT_OBJC_MSGSEND = YES;
				ENABLE_TESTABILITY = YES;
				GCC_C_LANGUAGE_STANDARD = gnu11;
				GCC_DYNAMIC_NO_PIC = NO;
				GCC_NO_COMMON_BLOCKS = YES;
				GCC_OPTIMIZATION_LEVEL = 0;
				GCC_PREPROCESSOR_DEFINITIONS = (
					"DEBUG=1",
					"$(inherited)",
				);
				GCC_WARN_64_TO_32_BIT_CONVERSION = YES;
				GCC_WARN_ABOUT_RETURN_TYPE = YES_ERROR;
				GCC_WARN_UNDECLARED_SELECTOR = YES;
				GCC_WARN_UNINITIALIZED_AUTOS = YES_AGGRESSIVE;
				GCC_WARN_UNUSED_FUNCTION = YES;
				GCC_WARN_UNUSED_VARIABLE = YES;
				MACOSX_DEPLOYMENT_TARGET = 10.14;
				MTL_ENABLE_DEBUG_INFO = INCLUDE_SOURCE;
				MTL_FAST_MATH = YES;
				ONLY_ACTIVE_ARCH = YES;
				SDKROOT = macosx;
			};
			name = Debug;
		};
		C3A03CAF232C4EC200BC2FE3 /* Release */ = {
			isa = XCBuildConfiguration;
			buildSettings = {
				ALWAYS_SEARCH_USER_PATHS = NO;
				CLANG_ANALYZER_NONNULL = YES;
				CLANG_ANALYZER_NUMBER_OBJECT_CONVERSION = YES_AGGRESSIVE;
				CLANG_CXX_LANGUAGE_STANDARD = "gnu++14";
				CLANG_CXX_LIBRARY = "libc++";
				CLANG_ENABLE_MODULES = YES;
				CLANG_ENABLE_OBJC_ARC = YES;
				CLANG_ENABLE_OBJC_WEAK = YES;
				CLANG_WARN_BLOCK_CAPTURE_AUTORELEASING = YES;
				CLANG_WARN_BOOL_CONVERSION = YES;
				CLANG_WARN_COMMA = YES;
				CLANG_WARN_CONSTANT_CONVERSION = YES;
				CLANG_WARN_DEPRECATED_OBJC_IMPLEMENTATIONS = YES;
				CLANG_WARN_DIRECT_OBJC_ISA_USAGE = YES_ERROR;
				CLANG_WARN_DOCUMENTATION_COMMENTS = YES;
				CLANG_WARN_EMPTY_BODY = YES;
				CLANG_WARN_ENUM_CONVERSION = YES;
				CLANG_WARN_INFINITE_RECURSION = YES;
				CLANG_WARN_INT_CONVERSION = YES;
				CLANG_WARN_NON_LITERAL_NULL_CONVERSION = YES;
				CLANG_WARN_OBJC_IMPLICIT_RETAIN_SELF = YES;
				CLANG_WARN_OBJC_LITERAL_CONVERSION = YES;
				CLANG_WARN_OBJC_ROOT_CLASS = YES_ERROR;
				CLANG_WARN_RANGE_LOOP_ANALYSIS = YES;
				CLANG_WARN_STRICT_PROTOTYPES = YES;
				CLANG_WARN_SUSPICIOUS_MOVE = YES;
				CLANG_WARN_UNGUARDED_AVAILABILITY = YES_AGGRESSIVE;
				CLANG_WARN_UNREACHABLE_CODE = YES;
				CLANG_WARN__DUPLICATE_METHOD_MATCH = YES;
				CODE_SIGN_IDENTITY = "-";
				COPY_PHASE_STRIP = NO;
				DEBUG_INFORMATION_FORMAT = "dwarf-with-dsym";
				ENABLE_NS_ASSERTIONS = NO;
				ENABLE_STRICT_OBJC_MSGSEND = YES;
				GCC_C_LANGUAGE_STANDARD = gnu11;
				GCC_NO_COMMON_BLOCKS = YES;
				GCC_WARN_64_TO_32_BIT_CONVERSION = YES;
				GCC_WARN_ABOUT_RETURN_TYPE = YES_ERROR;
				GCC_WARN_UNDECLARED_SELECTOR = YES;
				GCC_WARN_UNINITIALIZED_AUTOS = YES_AGGRESSIVE;
				GCC_WARN_UNUSED_FUNCTION = YES;
				GCC_WARN_UNUSED_VARIABLE = YES;
				MACOSX_DEPLOYMENT_TARGET = 10.14;
				MTL_ENABLE_DEBUG_INFO = NO;
				MTL_FAST_MATH = YES;
				SDKROOT = macosx;
			};
			name = Release;
		};
		C3A03CB1232C4EC200BC2FE3 /* Debug */ = {
			isa = XCBuildConfiguration;
			buildSettings = {
				CODE_SIGN_STYLE = Automatic;
				PRODUCT_NAME = "$(TARGET_NAME)";
			};
			name = Debug;
		};
		C3A03CB2232C4EC200BC2FE3 /* Release */ = {
			isa = XCBuildConfiguration;
			buildSettings = {
				CODE_SIGN_STYLE = Automatic;
				PRODUCT_NAME = "$(TARGET_NAME)";
			};
			name = Release;
		};
/* End XCBuildConfiguration section */

/* Begin XCConfigurationList section */
		C3A03CA4232C4EC200BC2FE3 /* Build configuration list for PBXProject "realportfolio" */ = {
			isa = XCConfigurationList;
			buildConfigurations = (
				C3A03CAE232C4EC200BC2FE3 /* Debug */,
				C3A03CAF232C4EC200BC2FE3 /* Release */,
			);
			defaultConfigurationIsVisible = 0;
			defaultConfigurationName = Release;
		};
		C3A03CB0232C4EC200BC2FE3 /* Build configuration list for PBXNativeTarget "realportfolio" */ = {
			isa = XCConfigurationList;
			buildConfigurations = (
				C3A03CB1232C4EC200BC2FE3 /* Debug */,
				C3A03CB2232C4EC200BC2FE3 /* Release */,
			);
			defaultConfigurationIsVisible = 0;
			defaultConfigurationName = Release;
		};
/* End XCConfigurationList section */
	};
	rootObject = C3A03CA1232C4EC200BC2FE3 /* Project object */;
}
